// !$*UTF8*$!
{
	archiveVersion = 1;
	classes = {
	};
	objectVersion = 56;
	objects = {

/* Begin PBXBuildFile section */
		FFC3A6852A88ABDE008F8C1E /* CustomCollectionView.swift in Sources */ = {isa = PBXBuildFile; fileRef = FFC3A6842A88ABDE008F8C1E /* CustomCollectionView.swift */; };
		FFC3A6872A88B081008F8C1E /* APIKEY.swift in Sources */ = {isa = PBXBuildFile; fileRef = FFC3A6862A88B081008F8C1E /* APIKEY.swift */; };
		FFC896A62A83B5EE007D8A86 /* APIManager.swift in Sources */ = {isa = PBXBuildFile; fileRef = FFC896A52A83B5EE007D8A86 /* APIManager.swift */; };
		FFD379042A820B1C00A75D35 /* AppDelegate.swift in Sources */ = {isa = PBXBuildFile; fileRef = FFD379032A820B1C00A75D35 /* AppDelegate.swift */; };
		FFD379062A820B1C00A75D35 /* SceneDelegate.swift in Sources */ = {isa = PBXBuildFile; fileRef = FFD379052A820B1C00A75D35 /* SceneDelegate.swift */; };
		FFD379082A820B1C00A75D35 /* MainVc.swift in Sources */ = {isa = PBXBuildFile; fileRef = FFD379072A820B1C00A75D35 /* MainVc.swift */; };
		FFD3790D2A820B1D00A75D35 /* Assets.xcassets in Resources */ = {isa = PBXBuildFile; fileRef = FFD3790C2A820B1D00A75D35 /* Assets.xcassets */; };
		FFD379102A820B1D00A75D35 /* LaunchScreen.storyboard in Resources */ = {isa = PBXBuildFile; fileRef = FFD3790E2A820B1D00A75D35 /* LaunchScreen.storyboard */; };
		FFD3791A2A82307300A75D35 /* CollectionViewCell.swift in Sources */ = {isa = PBXBuildFile; fileRef = FFD379192A82307300A75D35 /* CollectionViewCell.swift */; };
		FFD3791C2A82310C00A75D35 /* Data.swift in Sources */ = {isa = PBXBuildFile; fileRef = FFD3791B2A82310C00A75D35 /* Data.swift */; };
/* End PBXBuildFile section */

/* Begin PBXFileReference section */
		FFC3A6842A88ABDE008F8C1E /* CustomCollectionView.swift */ = {isa = PBXFileReference; fileEncoding = 4; lastKnownFileType = sourcecode.swift; path = CustomCollectionView.swift; sourceTree = "<group>"; };
		FFC3A6862A88B081008F8C1E /* APIKEY.swift */ = {isa = PBXFileReference; lastKnownFileType = sourcecode.swift; path = APIKEY.swift; sourceTree = "<group>"; };
		FFC896A52A83B5EE007D8A86 /* APIManager.swift */ = {isa = PBXFileReference; lastKnownFileType = sourcecode.swift; path = APIManager.swift; sourceTree = "<group>"; };
		FFD379002A820B1C00A75D35 /* band_instagram.app */ = {isa = PBXFileReference; explicitFileType = wrapper.application; includeInIndex = 0; path = band_instagram.app; sourceTree = BUILT_PRODUCTS_DIR; };
		FFD379032A820B1C00A75D35 /* AppDelegate.swift */ = {isa = PBXFileReference; lastKnownFileType = sourcecode.swift; path = AppDelegate.swift; sourceTree = "<group>"; };
		FFD379052A820B1C00A75D35 /* SceneDelegate.swift */ = {isa = PBXFileReference; lastKnownFileType = sourcecode.swift; path = SceneDelegate.swift; sourceTree = "<group>"; };
		FFD379072A820B1C00A75D35 /* MainVc.swift */ = {isa = PBXFileReference; lastKnownFileType = sourcecode.swift; path = MainVc.swift; sourceTree = "<group>"; };
		FFD3790C2A820B1D00A75D35 /* Assets.xcassets */ = {isa = PBXFileReference; lastKnownFileType = folder.assetcatalog; path = Assets.xcassets; sourceTree = "<group>"; };
		FFD3790F2A820B1D00A75D35 /* Base */ = {isa = PBXFileReference; lastKnownFileType = file.storyboard; name = Base; path = Base.lproj/LaunchScreen.storyboard; sourceTree = "<group>"; };
		FFD379112A820B1D00A75D35 /* Info.plist */ = {isa = PBXFileReference; lastKnownFileType = text.plist.xml; path = Info.plist; sourceTree = "<group>"; };
		FFD379192A82307300A75D35 /* CollectionViewCell.swift */ = {isa = PBXFileReference; lastKnownFileType = sourcecode.swift; path = CollectionViewCell.swift; sourceTree = "<group>"; };
		FFD3791B2A82310C00A75D35 /* Data.swift */ = {isa = PBXFileReference; lastKnownFileType = sourcecode.swift; path = Data.swift; sourceTree = "<group>"; };
/* End PBXFileReference section */

/* Begin PBXFrameworksBuildPhase section */
		FFD378FD2A820B1C00A75D35 /* Frameworks */ = {
			isa = PBXFrameworksBuildPhase;
			buildActionMask = 2147483647;
			files = (
			);
			runOnlyForDeploymentPostprocessing = 0;
		};
/* End PBXFrameworksBuildPhase section */

/* Begin PBXGroup section */
		FFD378F72A820B1C00A75D35 = {
			isa = PBXGroup;
			children = (
				FFD379022A820B1C00A75D35 /* band_instagram */,
				FFD379012A820B1C00A75D35 /* Products */,
			);
			sourceTree = "<group>";
		};
		FFD379012A820B1C00A75D35 /* Products */ = {
			isa = PBXGroup;
			children = (
				FFD379002A820B1C00A75D35 /* band_instagram.app */,
			);
			name = Products;
			sourceTree = "<group>";
		};
		FFD379022A820B1C00A75D35 /* band_instagram */ = {
			isa = PBXGroup;
			children = (
				FFD379032A820B1C00A75D35 /* AppDelegate.swift */,
				FFD379052A820B1C00A75D35 /* SceneDelegate.swift */,
				FFD379072A820B1C00A75D35 /* MainVc.swift */,
				FFD379192A82307300A75D35 /* CollectionViewCell.swift */,
				FFC3A6842A88ABDE008F8C1E /* CustomCollectionView.swift */,
				FFD3791B2A82310C00A75D35 /* Data.swift */,
				FFC896A52A83B5EE007D8A86 /* APIManager.swift */,
				FFC3A6862A88B081008F8C1E /* APIKEY.swift */,
				FFD379112A820B1D00A75D35 /* Info.plist */,
				FFD3790E2A820B1D00A75D35 /* LaunchScreen.storyboard */,
				FFD3790C2A820B1D00A75D35 /* Assets.xcassets */,
			);
			path = band_instagram;
			sourceTree = "<group>";
		};
/* End PBXGroup section */

/* Begin PBXNativeTarget section */
		FFD378FF2A820B1C00A75D35 /* band_instagram */ = {
			isa = PBXNativeTarget;
			buildConfigurationList = FFD379142A820B1D00A75D35 /* Build configuration list for PBXNativeTarget "band_instagram" */;
			buildPhases = (
				FFD378FC2A820B1C00A75D35 /* Sources */,
				FFD378FD2A820B1C00A75D35 /* Frameworks */,
				FFD378FE2A820B1C00A75D35 /* Resources */,
			);
			buildRules = (
			);
			dependencies = (
			);
			name = band_instagram;
			productName = band_instagram;
			productReference = FFD379002A820B1C00A75D35 /* band_instagram.app */;
			productType = "com.apple.product-type.application";
		};
/* End PBXNativeTarget section */

/* Begin PBXProject section */
		FFD378F82A820B1C00A75D35 /* Project object */ = {
			isa = PBXProject;
			attributes = {
				BuildIndependentTargetsInParallel = 1;
				LastSwiftUpdateCheck = 1430;
				LastUpgradeCheck = 1430;
				TargetAttributes = {
					FFD378FF2A820B1C00A75D35 = {
						CreatedOnToolsVersion = 14.3.1;
					};
				};
			};
			buildConfigurationList = FFD378FB2A820B1C00A75D35 /* Build configuration list for PBXProject "band_instagram" */;
			compatibilityVersion = "Xcode 14.0";
			developmentRegion = en;
			hasScannedForEncodings = 0;
			knownRegions = (
				en,
				Base,
			);
			mainGroup = FFD378F72A820B1C00A75D35;
			productRefGroup = FFD379012A820B1C00A75D35 /* Products */;
			projectDirPath = "";
			projectRoot = "";
			targets = (
				FFD378FF2A820B1C00A75D35 /* band_instagram */,
			);
		};
/* End PBXProject section */

/* Begin PBXResourcesBuildPhase section */
		FFD378FE2A820B1C00A75D35 /* Resources */ = {
			isa = PBXResourcesBuildPhase;
			buildActionMask = 2147483647;
			files = (
				FFD379102A820B1D00A75D35 /* LaunchScreen.storyboard in Resources */,
				FFD3790D2A820B1D00A75D35 /* Assets.xcassets in Resources */,
			);
			runOnlyForDeploymentPostprocessing = 0;
		};
/* End PBXResourcesBuildPhase section */

/* Begin PBXSourcesBuildPhase section */
		FFD378FC2A820B1C00A75D35 /* Sources */ = {
			isa = PBXSourcesBuildPhase;
			buildActionMask = 2147483647;
			files = (
				FFD3791A2A82307300A75D35 /* CollectionViewCell.swift in Sources */,
				FFD3791C2A82310C00A75D35 /* Data.swift in Sources */,
				FFC3A6872A88B081008F8C1E /* APIKEY.swift in Sources */,
				FFD379082A820B1C00A75D35 /* MainVc.swift in Sources */,
				FFD379042A820B1C00A75D35 /* AppDelegate.swift in Sources */,
				FFD379062A820B1C00A75D35 /* SceneDelegate.swift in Sources */,
				FFC3A6852A88ABDE008F8C1E /* CustomCollectionView.swift in Sources */,
				FFC896A62A83B5EE007D8A86 /* APIManager.swift in Sources */,
			);
			runOnlyForDeploymentPostprocessing = 0;
		};
/* End PBXSourcesBuildPhase section */

/* Begin PBXVariantGroup section */
		FFD3790E2A820B1D00A75D35 /* LaunchScreen.storyboard */ = {
			isa = PBXVariantGroup;
			children = (
				FFD3790F2A820B1D00A75D35 /* Base */,
			);
			name = LaunchScreen.storyboard;
			sourceTree = "<group>";
		};
/* End PBXVariantGroup section */

/* Begin XCBuildConfiguration section */
		FFD379122A820B1D00A75D35 /* Debug */ = {
			isa = XCBuildConfiguration;
			buildSettings = {
				ALWAYS_SEARCH_USER_PATHS = NO;
				CLANG_ANALYZER_NONNULL = YES;
				CLANG_ANALYZER_NUMBER_OBJECT_CONVERSION = YES_AGGRESSIVE;
				CLANG_CXX_LANGUAGE_STANDARD = "gnu++20";
				CLANG_ENABLE_MODULES = YES;
				CLANG_ENABLE_OBJC_ARC = YES;
				CLANG_ENABLE_OBJC_WEAK = YES;
				CLANG_WARN_BLOCK_CAPTURE_AUTORELEASING = YES;
				CLANG_WARN_BOOL_CONVERSION = YES;
				CLANG_WARN_COMMA = YES;
				CLANG_WARN_CONSTANT_CONVERSION = YES;
				CLANG_WARN_DEPRECATED_OBJC_IMPLEMENTATIONS = YES;
				CLANG_WARN_DIRECT_OBJC_ISA_USAGE = YES_ERROR;
				CLANG_WARN_DOCUMENTATION_COMMENTS = YES;
				CLANG_WARN_EMPTY_BODY = YES;
				CLANG_WARN_ENUM_CONVERSION = YES;
				CLANG_WARN_INFINITE_RECURSION = YES;
				CLANG_WARN_INT_CONVERSION = YES;
				CLANG_WARN_NON_LITERAL_NULL_CONVERSION = YES;
				CLANG_WARN_OBJC_IMPLICIT_RETAIN_SELF = YES;
				CLANG_WARN_OBJC_LITERAL_CONVERSION = YES;
				CLANG_WARN_OBJC_ROOT_CLASS = YES_ERROR;
				CLANG_WARN_QUOTED_INCLUDE_IN_FRAMEWORK_HEADER = YES;
				CLANG_WARN_RANGE_LOOP_ANALYSIS = YES;
				CLANG_WARN_STRICT_PROTOTYPES = YES;
				CLANG_WARN_SUSPICIOUS_MOVE = YES;
				CLANG_WARN_UNGUARDED_AVAILABILITY = YES_AGGRESSIVE;
				CLANG_WARN_UNREACHABLE_CODE = YES;
				CLANG_WARN__DUPLICATE_METHOD_MATCH = YES;
				COPY_PHASE_STRIP = NO;
				DEBUG_INFORMATION_FORMAT = dwarf;
				ENABLE_STRICT_OBJC_MSGSEND = YES;
				ENABLE_TESTABILITY = YES;
				GCC_C_LANGUAGE_STANDARD = gnu11;
				GCC_DYNAMIC_NO_PIC = NO;
				GCC_NO_COMMON_BLOCKS = YES;
				GCC_OPTIMIZATION_LEVEL = 0;
				GCC_PREPROCESSOR_DEFINITIONS = (
					"DEBUG=1",
					"$(inherited)",
				);
				GCC_WARN_64_TO_32_BIT_CONVERSION = YES;
				GCC_WARN_ABOUT_RETURN_TYPE = YES_ERROR;
				GCC_WARN_UNDECLARED_SELECTOR = YES;
				GCC_WARN_UNINITIALIZED_AUTOS = YES_AGGRESSIVE;
				GCC_WARN_UNUSED_FUNCTION = YES;
				GCC_WARN_UNUSED_VARIABLE = YES;
				IPHONEOS_DEPLOYMENT_TARGET = 16.4;
				MTL_ENABLE_DEBUG_INFO = INCLUDE_SOURCE;
				MTL_FAST_MATH = YES;
				ONLY_ACTIVE_ARCH = YES;
				SDKROOT = iphoneos;
				SWIFT_ACTIVE_COMPILATION_CONDITIONS = DEBUG;
				SWIFT_OPTIMIZATION_LEVEL = "-Onone";
			};
			name = Debug;
		};
		FFD379132A820B1D00A75D35 /* Release */ = {
			isa = XCBuildConfiguration;
			buildSettings = {
				ALWAYS_SEARCH_USER_PATHS = NO;
				CLANG_ANALYZER_NONNULL = YES;
				CLANG_ANALYZER_NUMBER_OBJECT_CONVERSION = YES_AGGRESSIVE;
				CLANG_CXX_LANGUAGE_STANDARD = "gnu++20";
				CLANG_ENABLE_MODULES = YES;
				CLANG_ENABLE_OBJC_ARC = YES;
				CLANG_ENABLE_OBJC_WEAK = YES;
				CLANG_WARN_BLOCK_CAPTURE_AUTORELEASING = YES;
				CLANG_WARN_BOOL_CONVERSION = YES;
				CLANG_WARN_COMMA = YES;
				CLANG_WARN_CONSTANT_CONVERSION = YES;
				CLANG_WARN_DEPRECATED_OBJC_IMPLEMENTATIONS = YES;
				CLANG_WARN_DIRECT_OBJC_ISA_USAGE = YES_ERROR;
				CLANG_WARN_DOCUMENTATION_COMMENTS = YES;
				CLANG_WARN_EMPTY_BODY = YES;
				CLANG_WARN_ENUM_CONVERSION = YES;
				CLANG_WARN_INFINITE_RECURSION = YES;
				CLANG_WARN_INT_CONVERSION = YES;
				CLANG_WARN_NON_LITERAL_NULL_CONVERSION = YES;
				CLANG_WARN_OBJC_IMPLICIT_RETAIN_SELF = YES;
				CLANG_WARN_OBJC_LITERAL_CONVERSION = YES;
				CLANG_WARN_OBJC_ROOT_CLASS = YES_ERROR;
				CLANG_WARN_QUOTED_INCLUDE_IN_FRAMEWORK_HEADER = YES;
				CLANG_WARN_RANGE_LOOP_ANALYSIS = YES;
				CLANG_WARN_STRICT_PROTOTYPES = YES;
				CLANG_WARN_SUSPICIOUS_MOVE = YES;
				CLANG_WARN_UNGUARDED_AVAILABILITY = YES_AGGRESSIVE;
				CLANG_WARN_UNREACHABLE_CODE = YES;
				CLANG_WARN__DUPLICATE_METHOD_MATCH = YES;
				COPY_PHASE_STRIP = NO;
				DEBUG_INFORMATION_FORMAT = "dwarf-with-dsym";
				ENABLE_NS_ASSERTIONS = NO;
				ENABLE_STRICT_OBJC_MSGSEND = YES;
				GCC_C_LANGUAGE_STANDARD = gnu11;
				GCC_NO_COMMON_BLOCKS = YES;
				GCC_WARN_64_TO_32_BIT_CONVERSION = YES;
				GCC_WARN_ABOUT_RETURN_TYPE = YES_ERROR;
				GCC_WARN_UNDECLARED_SELECTOR = YES;
				GCC_WARN_UNINITIALIZED_AUTOS = YES_AGGRESSIVE;
				GCC_WARN_UNUSED_FUNCTION = YES;
				GCC_WARN_UNUSED_VARIABLE = YES;
				IPHONEOS_DEPLOYMENT_TARGET = 16.4;
				MTL_ENABLE_DEBUG_INFO = NO;
				MTL_FAST_MATH = YES;
				SDKROOT = iphoneos;
				SWIFT_COMPILATION_MODE = wholemodule;
				SWIFT_OPTIMIZATION_LEVEL = "-O";
				VALIDATE_PRODUCT = YES;
			};
			name = Release;
		};
		FFD379152A820B1D00A75D35 /* Debug */ = {
			isa = XCBuildConfiguration;
			buildSettings = {
				ASSETCATALOG_COMPILER_APPICON_NAME = AppIcon;
				ASSETCATALOG_COMPILER_GLOBAL_ACCENT_COLOR_NAME = AccentColor;
				CODE_SIGN_STYLE = Automatic;
				CURRENT_PROJECT_VERSION = 1;
				DEVELOPMENT_TEAM = USP329MK32;
				GENERATE_INFOPLIST_FILE = YES;
				INFOPLIST_FILE = band_instagram/Info.plist;
				INFOPLIST_KEY_UIApplicationSupportsIndirectInputEvents = YES;
				INFOPLIST_KEY_UILaunchStoryboardName = LaunchScreen;
				INFOPLIST_KEY_UISupportedInterfaceOrientations_iPad = "UIInterfaceOrientationPortrait UIInterfaceOrientationPortraitUpsideDown UIInterfaceOrientationLandscapeLeft UIInterfaceOrientationLandscapeRight";
				INFOPLIST_KEY_UISupportedInterfaceOrientations_iPhone = "UIInterfaceOrientationPortrait UIInterfaceOrientationLandscapeLeft UIInterfaceOrientationLandscapeRight";
				LD_RUNPATH_SEARCH_PATHS = (
					"$(inherited)",
					"@executable_path/Frameworks",
				);
				MARKETING_VERSION = 1.0;
				PRODUCT_BUNDLE_IDENTIFIER = "pinocchio22.band-instagram";
				PRODUCT_NAME = "$(TARGET_NAME)";
				SWIFT_EMIT_LOC_STRINGS = YES;
				SWIFT_VERSION = 5.0;
				TARGETED_DEVICE_FAMILY = "1,2";
			};
			name = Debug;
		};
		FFD379162A820B1D00A75D35 /* Release */ = {
			isa = XCBuildConfiguration;
			buildSettings = {
				ASSETCATALOG_COMPILER_APPICON_NAME = AppIcon;
				ASSETCATALOG_COMPILER_GLOBAL_ACCENT_COLOR_NAME = AccentColor;
				CODE_SIGN_STYLE = Automatic;
				CURRENT_PROJECT_VERSION = 1;
				DEVELOPMENT_TEAM = USP329MK32;
				GENERATE_INFOPLIST_FILE = YES;
				INFOPLIST_FILE = band_instagram/Info.plist;
				INFOPLIST_KEY_UIApplicationSupportsIndirectInputEvents = YES;
				INFOPLIST_KEY_UILaunchStoryboardName = LaunchScreen;
				INFOPLIST_KEY_UISupportedInterfaceOrientations_iPad = "UIInterfaceOrientationPortrait UIInterfaceOrientationPortraitUpsideDown UIInterfaceOrientationLandscapeLeft UIInterfaceOrientationLandscapeRight";
				INFOPLIST_KEY_UISupportedInterfaceOrientations_iPhone = "UIInterfaceOrientationPortrait UIInterfaceOrientationLandscapeLeft UIInterfaceOrientationLandscapeRight";
				LD_RUNPATH_SEARCH_PATHS = (
					"$(inherited)",
					"@executable_path/Frameworks",
				);
				MARKETING_VERSION = 1.0;
				PRODUCT_BUNDLE_IDENTIFIER = "pinocchio22.band-instagram";
				PRODUCT_NAME = "$(TARGET_NAME)";
				SWIFT_EMIT_LOC_STRINGS = YES;
				SWIFT_VERSION = 5.0;
				TARGETED_DEVICE_FAMILY = "1,2";
			};
			name = Release;
		};
/* End XCBuildConfiguration section */

/* Begin XCConfigurationList section */
		FFD378FB2A820B1C00A75D35 /* Build configuration list for PBXProject "band_instagram" */ = {
			isa = XCConfigurationList;
			buildConfigurations = (
				FFD379122A820B1D00A75D35 /* Debug */,
				FFD379132A820B1D00A75D35 /* Release */,
			);
			defaultConfigurationIsVisible = 0;
			defaultConfigurationName = Release;
		};
		FFD379142A820B1D00A75D35 /* Build configuration list for PBXNativeTarget "band_instagram" */ = {
			isa = XCConfigurationList;
			buildConfigurations = (
				FFD379152A820B1D00A75D35 /* Debug */,
				FFD379162A820B1D00A75D35 /* Release */,
			);
			defaultConfigurationIsVisible = 0;
			defaultConfigurationName = Release;
		};
/* End XCConfigurationList section */
	};
	rootObject = FFD378F82A820B1C00A75D35 /* Project object */;
}
